github.com/pyke369/golang-support v0.0.0-20250626122736-7742819060f5 h1:rUVz8Of3ESgMukoS9LSdEylu7tmHQ4FEjF7DKbUfCPo=
github.com/pyke369/golang-support v0.0.0-20250626122736-7742819060f5/go.mod h1:s5eLCAXoNxQuNnkTdlKfPeeKk2HpeV9LnhASPxCDlS4=
golang.org/x/sys v0.33.0 h1:q3i8TbbEz+JRD9ywIRlyRAQbM0qF7hu24q3teo2hbuw=
golang.org/x/sys v0.33.0/go.mod h1:BJP2sWEmIv4KK5OTEluFJCKSidICx8ciO85XgH3Ak8k=
